// !$*UTF8*$!
{
	archiveVersion = 1;
	classes = {
	};
	objectVersion = 55;
	objects = {

/* Begin PBXBuildFile section */
		DF752C1A279E4962000922C6 /* EmotionalSquidApp.swift in Sources */ = {isa = PBXBuildFile; fileRef = DF752C19279E4962000922C6 /* EmotionalSquidApp.swift */; };
		DF752C1C279E4962000922C6 /* ContentView.swift in Sources */ = {isa = PBXBuildFile; fileRef = DF752C1B279E4962000922C6 /* ContentView.swift */; };
		DF752C1E279E4963000922C6 /* Assets.xcassets in Resources */ = {isa = PBXBuildFile; fileRef = DF752C1D279E4963000922C6 /* Assets.xcassets */; };
		DF752C21279E4963000922C6 /* Preview Assets.xcassets in Resources */ = {isa = PBXBuildFile; fileRef = DF752C20279E4963000922C6 /* Preview Assets.xcassets */; };
		DF752C2E279E4993000922C6 /* WidgetKit.framework in Frameworks */ = {isa = PBXBuildFile; fileRef = DF752C2D279E4993000922C6 /* WidgetKit.framework */; };
		DF752C30279E4993000922C6 /* SwiftUI.framework in Frameworks */ = {isa = PBXBuildFile; fileRef = DF752C2F279E4993000922C6 /* SwiftUI.framework */; };
		DF752C33279E4993000922C6 /* ESWidget.swift in Sources */ = {isa = PBXBuildFile; fileRef = DF752C32279E4993000922C6 /* ESWidget.swift */; };
		DF752C36279E4994000922C6 /* Assets.xcassets in Resources */ = {isa = PBXBuildFile; fileRef = DF752C35279E4994000922C6 /* Assets.xcassets */; };
		DF752C38279E4994000922C6 /* ESWidget.intentdefinition in Sources */ = {isa = PBXBuildFile; fileRef = DF752C34279E4993000922C6 /* ESWidget.intentdefinition */; };
		DF752C39279E4994000922C6 /* ESWidget.intentdefinition in Sources */ = {isa = PBXBuildFile; fileRef = DF752C34279E4993000922C6 /* ESWidget.intentdefinition */; };
		DF752C3C279E4994000922C6 /* ESWidgetExtension.appex in Embed App Extensions */ = {isa = PBXBuildFile; fileRef = DF752C2B279E4993000922C6 /* ESWidgetExtension.appex */; settings = {ATTRIBUTES = (RemoveHeadersOnCopy, ); }; };
/* End PBXBuildFile section */

/* Begin PBXContainerItemProxy section */
		DF752C3A279E4994000922C6 /* PBXContainerItemProxy */ = {
			isa = PBXContainerItemProxy;
			containerPortal = DF752C0E279E4962000922C6 /* Project object */;
			proxyType = 1;
			remoteGlobalIDString = DF752C2A279E4993000922C6;
			remoteInfo = ESWidgetExtension;
		};
/* End PBXContainerItemProxy section */

/* Begin PBXCopyFilesBuildPhase section */
		DF752C40279E4994000922C6 /* Embed App Extensions */ = {
			isa = PBXCopyFilesBuildPhase;
			buildActionMask = 2147483647;
			dstPath = "";
			dstSubfolderSpec = 13;
			files = (
				DF752C3C279E4994000922C6 /* ESWidgetExtension.appex in Embed App Extensions */,
			);
			name = "Embed App Extensions";
			runOnlyForDeploymentPostprocessing = 0;
		};
/* End PBXCopyFilesBuildPhase section */

/* Begin PBXFileReference section */
		DF752C16279E4962000922C6 /* EmotionalSquid.app */ = {isa = PBXFileReference; explicitFileType = wrapper.application; includeInIndex = 0; path = EmotionalSquid.app; sourceTree = BUILT_PRODUCTS_DIR; };
		DF752C19279E4962000922C6 /* EmotionalSquidApp.swift */ = {isa = PBXFileReference; lastKnownFileType = sourcecode.swift; path = EmotionalSquidApp.swift; sourceTree = "<group>"; };
		DF752C1B279E4962000922C6 /* ContentView.swift */ = {isa = PBXFileReference; lastKnownFileType = sourcecode.swift; path = ContentView.swift; sourceTree = "<group>"; };
		DF752C1D279E4963000922C6 /* Assets.xcassets */ = {isa = PBXFileReference; lastKnownFileType = folder.assetcatalog; path = Assets.xcassets; sourceTree = "<group>"; };
		DF752C20279E4963000922C6 /* Preview Assets.xcassets */ = {isa = PBXFileReference; lastKnownFileType = folder.assetcatalog; path = "Preview Assets.xcassets"; sourceTree = "<group>"; };
		DF752C2B279E4993000922C6 /* ESWidgetExtension.appex */ = {isa = PBXFileReference; explicitFileType = "wrapper.app-extension"; includeInIndex = 0; path = ESWidgetExtension.appex; sourceTree = BUILT_PRODUCTS_DIR; };
		DF752C2D279E4993000922C6 /* WidgetKit.framework */ = {isa = PBXFileReference; lastKnownFileType = wrapper.framework; name = WidgetKit.framework; path = System/Library/Frameworks/WidgetKit.framework; sourceTree = SDKROOT; };
		DF752C2F279E4993000922C6 /* SwiftUI.framework */ = {isa = PBXFileReference; lastKnownFileType = wrapper.framework; name = SwiftUI.framework; path = System/Library/Frameworks/SwiftUI.framework; sourceTree = SDKROOT; };
		DF752C32279E4993000922C6 /* ESWidget.swift */ = {isa = PBXFileReference; lastKnownFileType = sourcecode.swift; path = ESWidget.swift; sourceTree = "<group>"; };
		DF752C34279E4993000922C6 /* ESWidget.intentdefinition */ = {isa = PBXFileReference; lastKnownFileType = file.intentdefinition; path = ESWidget.intentdefinition; sourceTree = "<group>"; };
		DF752C35279E4994000922C6 /* Assets.xcassets */ = {isa = PBXFileReference; lastKnownFileType = folder.assetcatalog; path = Assets.xcassets; sourceTree = "<group>"; };
		DF752C37279E4994000922C6 /* Info.plist */ = {isa = PBXFileReference; lastKnownFileType = text.plist.xml; path = Info.plist; sourceTree = "<group>"; };
/* End PBXFileReference section */

/* Begin PBXFrameworksBuildPhase section */
		DF752C13279E4962000922C6 /* Frameworks */ = {
			isa = PBXFrameworksBuildPhase;
			buildActionMask = 2147483647;
			files = (
			);
			runOnlyForDeploymentPostprocessing = 0;
		};
		DF752C28279E4993000922C6 /* Frameworks */ = {
			isa = PBXFrameworksBuildPhase;
			buildActionMask = 2147483647;
			files = (
				DF752C30279E4993000922C6 /* SwiftUI.framework in Frameworks */,
				DF752C2E279E4993000922C6 /* WidgetKit.framework in Frameworks */,
			);
			runOnlyForDeploymentPostprocessing = 0;
		};
/* End PBXFrameworksBuildPhase section */

/* Begin PBXGroup section */
		DF752C0D279E4962000922C6 = {
			isa = PBXGroup;
			children = (
				DF752C18279E4962000922C6 /* EmotionalSquid */,
				DF752C31279E4993000922C6 /* ESWidget */,
				DF752C2C279E4993000922C6 /* Frameworks */,
				DF752C17279E4962000922C6 /* Products */,
			);
			sourceTree = "<group>";
		};
		DF752C17279E4962000922C6 /* Products */ = {
			isa = PBXGroup;
			children = (
				DF752C16279E4962000922C6 /* EmotionalSquid.app */,
				DF752C2B279E4993000922C6 /* ESWidgetExtension.appex */,
			);
			name = Products;
			sourceTree = "<group>";
		};
		DF752C18279E4962000922C6 /* EmotionalSquid */ = {
			isa = PBXGroup;
			children = (
				DF752C19279E4962000922C6 /* EmotionalSquidApp.swift */,
				DF752C1B279E4962000922C6 /* ContentView.swift */,
				DF752C1D279E4963000922C6 /* Assets.xcassets */,
				DF752C1F279E4963000922C6 /* Preview Content */,
			);
			path = EmotionalSquid;
			sourceTree = "<group>";
		};
		DF752C1F279E4963000922C6 /* Preview Content */ = {
			isa = PBXGroup;
			children = (
				DF752C20279E4963000922C6 /* Preview Assets.xcassets */,
			);
			path = "Preview Content";
			sourceTree = "<group>";
		};
		DF752C2C279E4993000922C6 /* Frameworks */ = {
			isa = PBXGroup;
			children = (
				DF752C2D279E4993000922C6 /* WidgetKit.framework */,
				DF752C2F279E4993000922C6 /* SwiftUI.framework */,
			);
			name = Frameworks;
			sourceTree = "<group>";
		};
		DF752C31279E4993000922C6 /* ESWidget */ = {
			isa = PBXGroup;
			children = (
				DF752C32279E4993000922C6 /* ESWidget.swift */,
				DF752C34279E4993000922C6 /* ESWidget.intentdefinition */,
				DF752C35279E4994000922C6 /* Assets.xcassets */,
				DF752C37279E4994000922C6 /* Info.plist */,
			);
			path = ESWidget;
			sourceTree = "<group>";
		};
/* End PBXGroup section */

/* Begin PBXNativeTarget section */
		DF752C15279E4962000922C6 /* EmotionalSquid */ = {
			isa = PBXNativeTarget;
			buildConfigurationList = DF752C24279E4963000922C6 /* Build configuration list for PBXNativeTarget "EmotionalSquid" */;
			buildPhases = (
				DF752C12279E4962000922C6 /* Sources */,
				DF752C13279E4962000922C6 /* Frameworks */,
				DF752C14279E4962000922C6 /* Resources */,
				DF752C40279E4994000922C6 /* Embed App Extensions */,
			);
			buildRules = (
			);
			dependencies = (
				DF752C3B279E4994000922C6 /* PBXTargetDependency */,
			);
			name = EmotionalSquid;
			productName = EmotionalSquid;
			productReference = DF752C16279E4962000922C6 /* EmotionalSquid.app */;
			productType = "com.apple.product-type.application";
		};
		DF752C2A279E4993000922C6 /* ESWidgetExtension */ = {
			isa = PBXNativeTarget;
			buildConfigurationList = DF752C3D279E4994000922C6 /* Build configuration list for PBXNativeTarget "ESWidgetExtension" */;
			buildPhases = (
				DF752C27279E4993000922C6 /* Sources */,
				DF752C28279E4993000922C6 /* Frameworks */,
				DF752C29279E4993000922C6 /* Resources */,
			);
			buildRules = (
			);
			dependencies = (
			);
			name = ESWidgetExtension;
			productName = ESWidgetExtension;
			productReference = DF752C2B279E4993000922C6 /* ESWidgetExtension.appex */;
			productType = "com.apple.product-type.app-extension";
		};
/* End PBXNativeTarget section */

/* Begin PBXProject section */
		DF752C0E279E4962000922C6 /* Project object */ = {
			isa = PBXProject;
			attributes = {
				BuildIndependentTargetsInParallel = 1;
				LastSwiftUpdateCheck = 1320;
				LastUpgradeCheck = 1320;
				TargetAttributes = {
					DF752C15279E4962000922C6 = {
						CreatedOnToolsVersion = 13.2.1;
					};
					DF752C2A279E4993000922C6 = {
						CreatedOnToolsVersion = 13.2.1;
					};
				};
			};
			buildConfigurationList = DF752C11279E4962000922C6 /* Build configuration list for PBXProject "EmotionalSquid" */;
			compatibilityVersion = "Xcode 13.0";
			developmentRegion = en;
			hasScannedForEncodings = 0;
			knownRegions = (
				en,
				Base,
			);
			mainGroup = DF752C0D279E4962000922C6;
			productRefGroup = DF752C17279E4962000922C6 /* Products */;
			projectDirPath = "";
			projectRoot = "";
			targets = (
				DF752C15279E4962000922C6 /* EmotionalSquid */,
				DF752C2A279E4993000922C6 /* ESWidgetExtension */,
			);
		};
/* End PBXProject section */

/* Begin PBXResourcesBuildPhase section */
		DF752C14279E4962000922C6 /* Resources */ = {
			isa = PBXResourcesBuildPhase;
			buildActionMask = 2147483647;
			files = (
				DF752C21279E4963000922C6 /* Preview Assets.xcassets in Resources */,
				DF752C1E279E4963000922C6 /* Assets.xcassets in Resources */,
			);
			runOnlyForDeploymentPostprocessing = 0;
		};
		DF752C29279E4993000922C6 /* Resources */ = {
			isa = PBXResourcesBuildPhase;
			buildActionMask = 2147483647;
			files = (
				DF752C36279E4994000922C6 /* Assets.xcassets in Resources */,
			);
			runOnlyForDeploymentPostprocessing = 0;
		};
/* End PBXResourcesBuildPhase section */

/* Begin PBXSourcesBuildPhase section */
		DF752C12279E4962000922C6 /* Sources */ = {
			isa = PBXSourcesBuildPhase;
			buildActionMask = 2147483647;
			files = (
				DF752C39279E4994000922C6 /* ESWidget.intentdefinition in Sources */,
				DF752C1C279E4962000922C6 /* ContentView.swift in Sources */,
				DF752C1A279E4962000922C6 /* EmotionalSquidApp.swift in Sources */,
			);
			runOnlyForDeploymentPostprocessing = 0;
		};
		DF752C27279E4993000922C6 /* Sources */ = {
			isa = PBXSourcesBuildPhase;
			buildActionMask = 2147483647;
			files = (
				DF752C38279E4994000922C6 /* ESWidget.intentdefinition in Sources */,
				DF752C33279E4993000922C6 /* ESWidget.swift in Sources */,
			);
			runOnlyForDeploymentPostprocessing = 0;
		};
/* End PBXSourcesBuildPhase section */

/* Begin PBXTargetDependency section */
		DF752C3B279E4994000922C6 /* PBXTargetDependency */ = {
			isa = PBXTargetDependency;
			target = DF752C2A279E4993000922C6 /* ESWidgetExtension */;
			targetProxy = DF752C3A279E4994000922C6 /* PBXContainerItemProxy */;
		};
/* End PBXTargetDependency section */

/* Begin XCBuildConfiguration section */
		DF752C22279E4963000922C6 /* Debug */ = {
			isa = XCBuildConfiguration;
			buildSettings = {
				ALWAYS_SEARCH_USER_PATHS = NO;
				CLANG_ANALYZER_NONNULL = YES;
				CLANG_ANALYZER_NUMBER_OBJECT_CONVERSION = YES_AGGRESSIVE;
				CLANG_CXX_LANGUAGE_STANDARD = "gnu++17";
				CLANG_CXX_LIBRARY = "libc++";
				CLANG_ENABLE_MODULES = YES;
				CLANG_ENABLE_OBJC_ARC = YES;
				CLANG_ENABLE_OBJC_WEAK = YES;
				CLANG_WARN_BLOCK_CAPTURE_AUTORELEASING = YES;
				CLANG_WARN_BOOL_CONVERSION = YES;
				CLANG_WARN_COMMA = YES;
				CLANG_WARN_CONSTANT_CONVERSION = YES;
				CLANG_WARN_DEPRECATED_OBJC_IMPLEMENTATIONS = YES;
				CLANG_WARN_DIRECT_OBJC_ISA_USAGE = YES_ERROR;
				CLANG_WARN_DOCUMENTATION_COMMENTS = YES;
				CLANG_WARN_EMPTY_BODY = YES;
				CLANG_WARN_ENUM_CONVERSION = YES;
				CLANG_WARN_INFINITE_RECURSION = YES;
				CLANG_WARN_INT_CONVERSION = YES;
				CLANG_WARN_NON_LITERAL_NULL_CONVERSION = YES;
				CLANG_WARN_OBJC_IMPLICIT_RETAIN_SELF = YES;
				CLANG_WARN_OBJC_LITERAL_CONVERSION = YES;
				CLANG_WARN_OBJC_ROOT_CLASS = YES_ERROR;
				CLANG_WARN_QUOTED_INCLUDE_IN_FRAMEWORK_HEADER = YES;
				CLANG_WARN_RANGE_LOOP_ANALYSIS = YES;
				CLANG_WARN_STRICT_PROTOTYPES = YES;
				CLANG_WARN_SUSPICIOUS_MOVE = YES;
				CLANG_WARN_UNGUARDED_AVAILABILITY = YES_AGGRESSIVE;
				CLANG_WARN_UNREACHABLE_CODE = YES;
				CLANG_WARN__DUPLICATE_METHOD_MATCH = YES;
				COPY_PHASE_STRIP = NO;
				DEBUG_INFORMATION_FORMAT = dwarf;
				ENABLE_STRICT_OBJC_MSGSEND = YES;
				ENABLE_TESTABILITY = YES;
				GCC_C_LANGUAGE_STANDARD = gnu11;
				GCC_DYNAMIC_NO_PIC = NO;
				GCC_NO_COMMON_BLOCKS = YES;
				GCC_OPTIMIZATION_LEVEL = 0;
				GCC_PREPROCESSOR_DEFINITIONS = (
					"DEBUG=1",
					"$(inherited)",
				);
				GCC_WARN_64_TO_32_BIT_CONVERSION = YES;
				GCC_WARN_ABOUT_RETURN_TYPE = YES_ERROR;
				GCC_WARN_UNDECLARED_SELECTOR = YES;
				GCC_WARN_UNINITIALIZED_AUTOS = YES_AGGRESSIVE;
				GCC_WARN_UNUSED_FUNCTION = YES;
				GCC_WARN_UNUSED_VARIABLE = YES;
				IPHONEOS_DEPLOYMENT_TARGET = 15.2;
				MTL_ENABLE_DEBUG_INFO = INCLUDE_SOURCE;
				MTL_FAST_MATH = YES;
				ONLY_ACTIVE_ARCH = YES;
				SDKROOT = iphoneos;
				SWIFT_ACTIVE_COMPILATION_CONDITIONS = DEBUG;
				SWIFT_OPTIMIZATION_LEVEL = "-Onone";
			};
			name = Debug;
		};
		DF752C23279E4963000922C6 /* Release */ = {
			isa = XCBuildConfiguration;
			buildSettings = {
				ALWAYS_SEARCH_USER_PATHS = NO;
				CLANG_ANALYZER_NONNULL = YES;
				CLANG_ANALYZER_NUMBER_OBJECT_CONVERSION = YES_AGGRESSIVE;
				CLANG_CXX_LANGUAGE_STANDARD = "gnu++17";
				CLANG_CXX_LIBRARY = "libc++";
				CLANG_ENABLE_MODULES = YES;
				CLANG_ENABLE_OBJC_ARC = YES;
				CLANG_ENABLE_OBJC_WEAK = YES;
				CLANG_WARN_BLOCK_CAPTURE_AUTORELEASING = YES;
				CLANG_WARN_BOOL_CONVERSION = YES;
				CLANG_WARN_COMMA = YES;
				CLANG_WARN_CONSTANT_CONVERSION = YES;
				CLANG_WARN_DEPRECATED_OBJC_IMPLEMENTATIONS = YES;
				CLANG_WARN_DIRECT_OBJC_ISA_USAGE = YES_ERROR;
				CLANG_WARN_DOCUMENTATION_COMMENTS = YES;
				CLANG_WARN_EMPTY_BODY = YES;
				CLANG_WARN_ENUM_CONVERSION = YES;
				CLANG_WARN_INFINITE_RECURSION = YES;
				CLANG_WARN_INT_CONVERSION = YES;
				CLANG_WARN_NON_LITERAL_NULL_CONVERSION = YES;
				CLANG_WARN_OBJC_IMPLICIT_RETAIN_SELF = YES;
				CLANG_WARN_OBJC_LITERAL_CONVERSION = YES;
				CLANG_WARN_OBJC_ROOT_CLASS = YES_ERROR;
				CLANG_WARN_QUOTED_INCLUDE_IN_FRAMEWORK_HEADER = YES;
				CLANG_WARN_RANGE_LOOP_ANALYSIS = YES;
				CLANG_WARN_STRICT_PROTOTYPES = YES;
				CLANG_WARN_SUSPICIOUS_MOVE = YES;
				CLANG_WARN_UNGUARDED_AVAILABILITY = YES_AGGRESSIVE;
				CLANG_WARN_UNREACHABLE_CODE = YES;
				CLANG_WARN__DUPLICATE_METHOD_MATCH = YES;
				COPY_PHASE_STRIP = NO;
				DEBUG_INFORMATION_FORMAT = "dwarf-with-dsym";
				ENABLE_NS_ASSERTIONS = NO;
				ENABLE_STRICT_OBJC_MSGSEND = YES;
				GCC_C_LANGUAGE_STANDARD = gnu11;
				GCC_NO_COMMON_BLOCKS = YES;
				GCC_WARN_64_TO_32_BIT_CONVERSION = YES;
				GCC_WARN_ABOUT_RETURN_TYPE = YES_ERROR;
				GCC_WARN_UNDECLARED_SELECTOR = YES;
				GCC_WARN_UNINITIALIZED_AUTOS = YES_AGGRESSIVE;
				GCC_WARN_UNUSED_FUNCTION = YES;
				GCC_WARN_UNUSED_VARIABLE = YES;
				IPHONEOS_DEPLOYMENT_TARGET = 15.2;
				MTL_ENABLE_DEBUG_INFO = NO;
				MTL_FAST_MATH = YES;
				SDKROOT = iphoneos;
				SWIFT_COMPILATION_MODE = wholemodule;
				SWIFT_OPTIMIZATION_LEVEL = "-O";
				VALIDATE_PRODUCT = YES;
			};
			name = Release;
		};
		DF752C25279E4963000922C6 /* Debug */ = {
			isa = XCBuildConfiguration;
			buildSettings = {
				ALWAYS_EMBED_SWIFT_STANDARD_LIBRARIES = YES;
				ASSETCATALOG_COMPILER_APPICON_NAME = AppIcon;
				ASSETCATALOG_COMPILER_GLOBAL_ACCENT_COLOR_NAME = AccentColor;
				CODE_SIGN_STYLE = Automatic;
				CURRENT_PROJECT_VERSION = 1;
				DEVELOPMENT_ASSET_PATHS = "\"EmotionalSquid/Preview Content\"";
				DEVELOPMENT_TEAM = JCL982F3T2;
				ENABLE_PREVIEWS = YES;
				GENERATE_INFOPLIST_FILE = YES;
				INFOPLIST_KEY_UIApplicationSceneManifest_Generation = YES;
				INFOPLIST_KEY_UIApplicationSupportsIndirectInputEvents = YES;
				INFOPLIST_KEY_UILaunchScreen_Generation = YES;
				INFOPLIST_KEY_UISupportedInterfaceOrientations_iPad = "UIInterfaceOrientationPortrait UIInterfaceOrientationPortraitUpsideDown UIInterfaceOrientationLandscapeLeft UIInterfaceOrientationLandscapeRight";
				INFOPLIST_KEY_UISupportedInterfaceOrientations_iPhone = "UIInterfaceOrientationPortrait UIInterfaceOrientationLandscapeLeft UIInterfaceOrientationLandscapeRight";
				LD_RUNPATH_SEARCH_PATHS = (
					"$(inherited)",
					"@executable_path/Frameworks",
				);
				MARKETING_VERSION = 1.0;
				PRODUCT_BUNDLE_IDENTIFIER = com.nobosoftware.EmotionalSquid;
				PRODUCT_NAME = "$(TARGET_NAME)";
				SWIFT_EMIT_LOC_STRINGS = YES;
				SWIFT_VERSION = 5.0;
				TARGETED_DEVICE_FAMILY = "1,2";
			};
			name = Debug;
		};
		DF752C26279E4963000922C6 /* Release */ = {
			isa = XCBuildConfiguration;
			buildSettings = {
				ALWAYS_EMBED_SWIFT_STANDARD_LIBRARIES = YES;
				ASSETCATALOG_COMPILER_APPICON_NAME = AppIcon;
				ASSETCATALOG_COMPILER_GLOBAL_ACCENT_COLOR_NAME = AccentColor;
				CODE_SIGN_STYLE = Automatic;
				CURRENT_PROJECT_VERSION = 1;
				DEVELOPMENT_ASSET_PATHS = "\"EmotionalSquid/Preview Content\"";
				DEVELOPMENT_TEAM = JCL982F3T2;
				ENABLE_PREVIEWS = YES;
				GENERATE_INFOPLIST_FILE = YES;
				INFOPLIST_KEY_UIApplicationSceneManifest_Generation = YES;
				INFOPLIST_KEY_UIApplicationSupportsIndirectInputEvents = YES;
				INFOPLIST_KEY_UILaunchScreen_Generation = YES;
				INFOPLIST_KEY_UISupportedInterfaceOrientations_iPad = "UIInterfaceOrientationPortrait UIInterfaceOrientationPortraitUpsideDown UIInterfaceOrientationLandscapeLeft UIInterfaceOrientationLandscapeRight";
				INFOPLIST_KEY_UISupportedInterfaceOrientations_iPhone = "UIInterfaceOrientationPortrait UIInterfaceOrientationLandscapeLeft UIInterfaceOrientationLandscapeRight";
				LD_RUNPATH_SEARCH_PATHS = (
					"$(inherited)",
					"@executable_path/Frameworks",
				);
				MARKETING_VERSION = 1.0;
				PRODUCT_BUNDLE_IDENTIFIER = com.nobosoftware.EmotionalSquid;
				PRODUCT_NAME = "$(TARGET_NAME)";
				SWIFT_EMIT_LOC_STRINGS = YES;
				SWIFT_VERSION = 5.0;
				TARGETED_DEVICE_FAMILY = "1,2";
			};
			name = Release;
		};
		DF752C3E279E4994000922C6 /* Debug */ = {
			isa = XCBuildConfiguration;
			buildSettings = {
				ASSETCATALOG_COMPILER_GLOBAL_ACCENT_COLOR_NAME = AccentColor;
				ASSETCATALOG_COMPILER_WIDGET_BACKGROUND_COLOR_NAME = WidgetBackground;
				CODE_SIGN_STYLE = Automatic;
				CURRENT_PROJECT_VERSION = 1;
				DEVELOPMENT_TEAM = JCL982F3T2;
				GENERATE_INFOPLIST_FILE = YES;
				INFOPLIST_FILE = ESWidget/Info.plist;
				INFOPLIST_KEY_CFBundleDisplayName = ESWidget;
				INFOPLIST_KEY_NSHumanReadableCopyright = "";
				LD_RUNPATH_SEARCH_PATHS = (
					"$(inherited)",
					"@executable_path/Frameworks",
					"@executable_path/../../Frameworks",
				);
				MARKETING_VERSION = 1.0;
				PRODUCT_BUNDLE_IDENTIFIER = com.nobosoftware.EmotionalSquid.ESWidget;
				PRODUCT_NAME = "$(TARGET_NAME)";
				SKIP_INSTALL = YES;
				SWIFT_EMIT_LOC_STRINGS = YES;
				SWIFT_VERSION = 5.0;
				TARGETED_DEVICE_FAMILY = "1,2";
			};
			name = Debug;
		};
		DF752C3F279E4994000922C6 /* Release */ = {
			isa = XCBuildConfiguration;
			buildSettings = {
				ASSETCATALOG_COMPILER_GLOBAL_ACCENT_COLOR_NAME = AccentColor;
				ASSETCATALOG_COMPILER_WIDGET_BACKGROUND_COLOR_NAME = WidgetBackground;
				CODE_SIGN_STYLE = Automatic;
				CURRENT_PROJECT_VERSION = 1;
				DEVELOPMENT_TEAM = JCL982F3T2;
				GENERATE_INFOPLIST_FILE = YES;
				INFOPLIST_FILE = ESWidget/Info.plist;
				INFOPLIST_KEY_CFBundleDisplayName = ESWidget;
				INFOPLIST_KEY_NSHumanReadableCopyright = "";
				LD_RUNPATH_SEARCH_PATHS = (
					"$(inherited)",
					"@executable_path/Frameworks",
					"@executable_path/../../Frameworks",
				);
				MARKETING_VERSION = 1.0;
				PRODUCT_BUNDLE_IDENTIFIER = com.nobosoftware.EmotionalSquid.ESWidget;
				PRODUCT_NAME = "$(TARGET_NAME)";
				SKIP_INSTALL = YES;
				SWIFT_EMIT_LOC_STRINGS = YES;
				SWIFT_VERSION = 5.0;
				TARGETED_DEVICE_FAMILY = "1,2";
			};
			name = Release;
		};
/* End XCBuildConfiguration section */

/* Begin XCConfigurationList section */
		DF752C11279E4962000922C6 /* Build configuration list for PBXProject "EmotionalSquid" */ = {
			isa = XCConfigurationList;
			buildConfigurations = (
				DF752C22279E4963000922C6 /* Debug */,
				DF752C23279E4963000922C6 /* Release */,
			);
			defaultConfigurationIsVisible = 0;
			defaultConfigurationName = Release;
		};
		DF752C24279E4963000922C6 /* Build configuration list for PBXNativeTarget "EmotionalSquid" */ = {
			isa = XCConfigurationList;
			buildConfigurations = (
				DF752C25279E4963000922C6 /* Debug */,
				DF752C26279E4963000922C6 /* Release */,
			);
			defaultConfigurationIsVisible = 0;
			defaultConfigurationName = Release;
		};
		DF752C3D279E4994000922C6 /* Build configuration list for PBXNativeTarget "ESWidgetExtension" */ = {
			isa = XCConfigurationList;
			buildConfigurations = (
				DF752C3E279E4994000922C6 /* Debug */,
				DF752C3F279E4994000922C6 /* Release */,
			);
			defaultConfigurationIsVisible = 0;
			defaultConfigurationName = Release;
		};
/* End XCConfigurationList section */
	};
	rootObject = DF752C0E279E4962000922C6 /* Project object */;
}
